
Microsoft Visual Studio Solution File, Format Version 12.00
# Visual Studio Version 17
VisualStudioVersion = 17.13.35931.197 d17.13
MinimumVisualStudioVersion = 10.0.40219.1
Project("{FAE04EC0-301F-11D3-BF4B-00C04F79EFBC}") = "System_enroll", "System_enroll\System_enroll.csproj", "{686807C0-7ACA-43D5-BA55-BE8032086B0B}"
EndProject
Global
	GlobalSection(SolutionConfigurationPlatforms) = preSolution
		Debug|Any CPU = Debug|Any CPU
		Release|Any CPU = Release|Any CPU
	EndGlobalSection
	GlobalSection(ProjectConfigurationPlatforms) = postSolution
		{686807C0-7ACA-43D5-BA55-BE8032086B0B}.Debug|Any CPU.ActiveCfg = Debug|Any CPU
		{686807C0-7ACA-43D5-BA55-BE8032086B0B}.Debug|Any CPU.Build.0 = Debug|Any CPU
		{686807C0-7ACA-43D5-BA55-BE8032086B0B}.Release|Any CPU.ActiveCfg = Release|Any CPU
		{686807C0-7ACA-43D5-BA55-BE8032086B0B}.Release|Any CPU.Build.0 = Release|Any CPU
	EndGlobalSection
	GlobalSection(SolutionProperties) = preSolution
		HideSolutionNode = FALSE
	EndGlobalSection
	GlobalSection(ExtensibilityGlobals) = postSolution
		SolutionGuid = {79C6A880-7242-4882-8B0F-80C046327FAA}
	EndGlobalSection
EndGlobal
